
Microsoft Visual Studio Solution File, Format Version 12.00
# Visual Studio Version 17
VisualStudioVersion = 17.13.35818.85 d17.13
MinimumVisualStudioVersion = 10.0.40219.1
Project("{FAE04EC0-301F-11D3-BF4B-00C04F79EFBC}") = "NOR_24", "NOR_24.csproj", "{1E908DB4-0A2C-416A-B186-1796C2658910}"
EndProject
Global
	GlobalSection(SolutionConfigurationPlatforms) = preSolution
		Debug|Any CPU = Debug|Any CPU
		Release|Any CPU = Release|Any CPU
	EndGlobalSection
	GlobalSection(ProjectConfigurationPlatforms) = postSolution
		{1E908DB4-0A2C-416A-B186-1796C2658910}.Debug|Any CPU.ActiveCfg = Debug|Any CPU
		{1E908DB4-0A2C-416A-B186-1796C2658910}.Debug|Any CPU.Build.0 = Debug|Any CPU
		{1E908DB4-0A2C-416A-B186-1796C2658910}.Release|Any CPU.ActiveCfg = Release|Any CPU
		{1E908DB4-0A2C-416A-B186-1796C2658910}.Release|Any CPU.Build.0 = Release|Any CPU
	EndGlobalSection
	GlobalSection(SolutionProperties) = preSolution
		HideSolutionNode = FALSE
	EndGlobalSection
	GlobalSection(ExtensibilityGlobals) = postSolution
		SolutionGuid = {222F44B7-1736-4177-821B-AA845CF1F016}
	EndGlobalSection
EndGlobal
