
Microsoft Visual Studio Solution File, Format Version 12.00
# Visual Studio Version 17
VisualStudioVersion = 17.11.35303.130
MinimumVisualStudioVersion = 10.0.40219.1
Project("{FAE04EC0-301F-11D3-BF4B-00C04F79EFBC}") = "Estudo_NOR2023", "Estudo_NOR2023.csproj", "{CC712FDB-4DE9-4960-A2B0-F2192CF92674}"
EndProject
Global
	GlobalSection(SolutionConfigurationPlatforms) = preSolution
		Debug|Any CPU = Debug|Any CPU
		Release|Any CPU = Release|Any CPU
	EndGlobalSection
	GlobalSection(ProjectConfigurationPlatforms) = postSolution
		{CC712FDB-4DE9-4960-A2B0-F2192CF92674}.Debug|Any CPU.ActiveCfg = Debug|Any CPU
		{CC712FDB-4DE9-4960-A2B0-F2192CF92674}.Debug|Any CPU.Build.0 = Debug|Any CPU
		{CC712FDB-4DE9-4960-A2B0-F2192CF92674}.Release|Any CPU.ActiveCfg = Release|Any CPU
		{CC712FDB-4DE9-4960-A2B0-F2192CF92674}.Release|Any CPU.Build.0 = Release|Any CPU
	EndGlobalSection
	GlobalSection(SolutionProperties) = preSolution
		HideSolutionNode = FALSE
	EndGlobalSection
	GlobalSection(ExtensibilityGlobals) = postSolution
		SolutionGuid = {2EF21804-A16E-485A-A667-01E491BE534B}
	EndGlobalSection
EndGlobal
