
Microsoft Visual Studio Solution File, Format Version 12.00
# Visual Studio Version 17
VisualStudioVersion = 17.13.35818.85 d17.13
MinimumVisualStudioVersion = 10.0.40219.1
Project("{FAE04EC0-301F-11D3-BF4B-00C04F79EFBC}") = "REC_24", "REC_24.csproj", "{136A0432-500C-4AED-9ED8-711EC4018D1E}"
EndProject
Global
	GlobalSection(SolutionConfigurationPlatforms) = preSolution
		Debug|Any CPU = Debug|Any CPU
		Release|Any CPU = Release|Any CPU
	EndGlobalSection
	GlobalSection(ProjectConfigurationPlatforms) = postSolution
		{136A0432-500C-4AED-9ED8-711EC4018D1E}.Debug|Any CPU.ActiveCfg = Debug|Any CPU
		{136A0432-500C-4AED-9ED8-711EC4018D1E}.Debug|Any CPU.Build.0 = Debug|Any CPU
		{136A0432-500C-4AED-9ED8-711EC4018D1E}.Release|Any CPU.ActiveCfg = Release|Any CPU
		{136A0432-500C-4AED-9ED8-711EC4018D1E}.Release|Any CPU.Build.0 = Release|Any CPU
	EndGlobalSection
	GlobalSection(SolutionProperties) = preSolution
		HideSolutionNode = FALSE
	EndGlobalSection
	GlobalSection(ExtensibilityGlobals) = postSolution
		SolutionGuid = {8DA74F83-2791-4200-BF74-3BAA939AED4D}
	EndGlobalSection
EndGlobal
