
Microsoft Visual Studio Solution File, Format Version 12.00
# Visual Studio Version 17
VisualStudioVersion = 17.11.35303.130
MinimumVisualStudioVersion = 10.0.40219.1
Project("{FAE04EC0-301F-11D3-BF4B-00C04F79EFBC}") = "Aula_7", "Aula_7.csproj", "{D70A982D-EA61-4B8B-9E85-9F1910388B55}"
EndProject
Global
	GlobalSection(SolutionConfigurationPlatforms) = preSolution
		Debug|Any CPU = Debug|Any CPU
		Release|Any CPU = Release|Any CPU
	EndGlobalSection
	GlobalSection(ProjectConfigurationPlatforms) = postSolution
		{D70A982D-EA61-4B8B-9E85-9F1910388B55}.Debug|Any CPU.ActiveCfg = Debug|Any CPU
		{D70A982D-EA61-4B8B-9E85-9F1910388B55}.Debug|Any CPU.Build.0 = Debug|Any CPU
		{D70A982D-EA61-4B8B-9E85-9F1910388B55}.Release|Any CPU.ActiveCfg = Release|Any CPU
		{D70A982D-EA61-4B8B-9E85-9F1910388B55}.Release|Any CPU.Build.0 = Release|Any CPU
	EndGlobalSection
	GlobalSection(SolutionProperties) = preSolution
		HideSolutionNode = FALSE
	EndGlobalSection
	GlobalSection(ExtensibilityGlobals) = postSolution
		SolutionGuid = {4B021260-3B22-4DBD-82ED-C0EE800A0D6C}
	EndGlobalSection
EndGlobal
