
Microsoft Visual Studio Solution File, Format Version 12.00
# Visual Studio Version 17
VisualStudioVersion = 17.11.35303.130
MinimumVisualStudioVersion = 10.0.40219.1
Project("{FAE04EC0-301F-11D3-BF4B-00C04F79EFBC}") = "Estudo_Aula11", "Estudo_Aula11.csproj", "{770FEC2E-ACC1-4117-8945-C08EE0B20246}"
EndProject
Global
	GlobalSection(SolutionConfigurationPlatforms) = preSolution
		Debug|Any CPU = Debug|Any CPU
		Release|Any CPU = Release|Any CPU
	EndGlobalSection
	GlobalSection(ProjectConfigurationPlatforms) = postSolution
		{770FEC2E-ACC1-4117-8945-C08EE0B20246}.Debug|Any CPU.ActiveCfg = Debug|Any CPU
		{770FEC2E-ACC1-4117-8945-C08EE0B20246}.Debug|Any CPU.Build.0 = Debug|Any CPU
		{770FEC2E-ACC1-4117-8945-C08EE0B20246}.Release|Any CPU.ActiveCfg = Release|Any CPU
		{770FEC2E-ACC1-4117-8945-C08EE0B20246}.Release|Any CPU.Build.0 = Release|Any CPU
	EndGlobalSection
	GlobalSection(SolutionProperties) = preSolution
		HideSolutionNode = FALSE
	EndGlobalSection
	GlobalSection(ExtensibilityGlobals) = postSolution
		SolutionGuid = {F3374AC5-1795-4312-A559-6D2DF8A5A029}
	EndGlobalSection
EndGlobal
