
Microsoft Visual Studio Solution File, Format Version 12.00
# Visual Studio Version 17
VisualStudioVersion = 17.13.35818.85 d17.13
MinimumVisualStudioVersion = 10.0.40219.1
Project("{FAE04EC0-301F-11D3-BF4B-00C04F79EFBC}") = "NOR_23", "NOR_23.csproj", "{C9271730-45DF-41EA-B6E1-5678046673C8}"
EndProject
Global
	GlobalSection(SolutionConfigurationPlatforms) = preSolution
		Debug|Any CPU = Debug|Any CPU
		Release|Any CPU = Release|Any CPU
	EndGlobalSection
	GlobalSection(ProjectConfigurationPlatforms) = postSolution
		{C9271730-45DF-41EA-B6E1-5678046673C8}.Debug|Any CPU.ActiveCfg = Debug|Any CPU
		{C9271730-45DF-41EA-B6E1-5678046673C8}.Debug|Any CPU.Build.0 = Debug|Any CPU
		{C9271730-45DF-41EA-B6E1-5678046673C8}.Release|Any CPU.ActiveCfg = Release|Any CPU
		{C9271730-45DF-41EA-B6E1-5678046673C8}.Release|Any CPU.Build.0 = Release|Any CPU
	EndGlobalSection
	GlobalSection(SolutionProperties) = preSolution
		HideSolutionNode = FALSE
	EndGlobalSection
	GlobalSection(ExtensibilityGlobals) = postSolution
		SolutionGuid = {23580B50-F160-4688-ACA6-881911C7D947}
	EndGlobalSection
EndGlobal
