
Microsoft Visual Studio Solution File, Format Version 12.00
# Visual Studio Version 17
VisualStudioVersion = 17.13.35818.85 d17.13
MinimumVisualStudioVersion = 10.0.40219.1
Project("{FAE04EC0-301F-11D3-BF4B-00C04F79EFBC}") = "FreqPratica_2023", "FreqPratica_2023.csproj", "{0E6AEED8-5731-4EAF-A91B-82CBA0E5469F}"
EndProject
Global
	GlobalSection(SolutionConfigurationPlatforms) = preSolution
		Debug|Any CPU = Debug|Any CPU
		Release|Any CPU = Release|Any CPU
	EndGlobalSection
	GlobalSection(ProjectConfigurationPlatforms) = postSolution
		{0E6AEED8-5731-4EAF-A91B-82CBA0E5469F}.Debug|Any CPU.ActiveCfg = Debug|Any CPU
		{0E6AEED8-5731-4EAF-A91B-82CBA0E5469F}.Debug|Any CPU.Build.0 = Debug|Any CPU
		{0E6AEED8-5731-4EAF-A91B-82CBA0E5469F}.Release|Any CPU.ActiveCfg = Release|Any CPU
		{0E6AEED8-5731-4EAF-A91B-82CBA0E5469F}.Release|Any CPU.Build.0 = Release|Any CPU
	EndGlobalSection
	GlobalSection(SolutionProperties) = preSolution
		HideSolutionNode = FALSE
	EndGlobalSection
	GlobalSection(ExtensibilityGlobals) = postSolution
		SolutionGuid = {F990D0DF-5785-4156-A937-F400C908CE15}
	EndGlobalSection
EndGlobal
