
Microsoft Visual Studio Solution File, Format Version 12.00
# Visual Studio Version 17
VisualStudioVersion = 17.11.35303.130
MinimumVisualStudioVersion = 10.0.40219.1
Project("{FAE04EC0-301F-11D3-BF4B-00C04F79EFBC}") = "Estudo_Aula10", "Estudo_Aula10.csproj", "{3242E945-3F2E-4152-8F8F-B9CC82D947FB}"
EndProject
Global
	GlobalSection(SolutionConfigurationPlatforms) = preSolution
		Debug|Any CPU = Debug|Any CPU
		Release|Any CPU = Release|Any CPU
	EndGlobalSection
	GlobalSection(ProjectConfigurationPlatforms) = postSolution
		{3242E945-3F2E-4152-8F8F-B9CC82D947FB}.Debug|Any CPU.ActiveCfg = Debug|Any CPU
		{3242E945-3F2E-4152-8F8F-B9CC82D947FB}.Debug|Any CPU.Build.0 = Debug|Any CPU
		{3242E945-3F2E-4152-8F8F-B9CC82D947FB}.Release|Any CPU.ActiveCfg = Release|Any CPU
		{3242E945-3F2E-4152-8F8F-B9CC82D947FB}.Release|Any CPU.Build.0 = Release|Any CPU
	EndGlobalSection
	GlobalSection(SolutionProperties) = preSolution
		HideSolutionNode = FALSE
	EndGlobalSection
	GlobalSection(ExtensibilityGlobals) = postSolution
		SolutionGuid = {D3A430D4-0471-4D35-A3FA-76C94F4206CA}
	EndGlobalSection
EndGlobal
