
Microsoft Visual Studio Solution File, Format Version 12.00
# Visual Studio Version 17
VisualStudioVersion = 17.11.35303.130
MinimumVisualStudioVersion = 10.0.40219.1
Project("{FAE04EC0-301F-11D3-BF4B-00C04F79EFBC}") = "Final_REC22", "Final_REC22.csproj", "{C47ED9EB-D17F-4AD7-92D6-D7BDB9B4C613}"
EndProject
Global
	GlobalSection(SolutionConfigurationPlatforms) = preSolution
		Debug|Any CPU = Debug|Any CPU
		Release|Any CPU = Release|Any CPU
	EndGlobalSection
	GlobalSection(ProjectConfigurationPlatforms) = postSolution
		{C47ED9EB-D17F-4AD7-92D6-D7BDB9B4C613}.Debug|Any CPU.ActiveCfg = Debug|Any CPU
		{C47ED9EB-D17F-4AD7-92D6-D7BDB9B4C613}.Debug|Any CPU.Build.0 = Debug|Any CPU
		{C47ED9EB-D17F-4AD7-92D6-D7BDB9B4C613}.Release|Any CPU.ActiveCfg = Release|Any CPU
		{C47ED9EB-D17F-4AD7-92D6-D7BDB9B4C613}.Release|Any CPU.Build.0 = Release|Any CPU
	EndGlobalSection
	GlobalSection(SolutionProperties) = preSolution
		HideSolutionNode = FALSE
	EndGlobalSection
	GlobalSection(ExtensibilityGlobals) = postSolution
		SolutionGuid = {25432A84-0BE6-4FED-854D-21A65D0EF5DE}
	EndGlobalSection
EndGlobal
