
Microsoft Visual Studio Solution File, Format Version 12.00
# Visual Studio Version 17
VisualStudioVersion = 17.11.35303.130
MinimumVisualStudioVersion = 10.0.40219.1
Project("{FAE04EC0-301F-11D3-BF4B-00C04F79EFBC}") = "Estudo_Aula2", "Estudo_Aula2.csproj", "{A986A5C1-CD93-4FC5-BB8C-594134DA4EF4}"
EndProject
Global
	GlobalSection(SolutionConfigurationPlatforms) = preSolution
		Debug|Any CPU = Debug|Any CPU
		Release|Any CPU = Release|Any CPU
	EndGlobalSection
	GlobalSection(ProjectConfigurationPlatforms) = postSolution
		{A986A5C1-CD93-4FC5-BB8C-594134DA4EF4}.Debug|Any CPU.ActiveCfg = Debug|Any CPU
		{A986A5C1-CD93-4FC5-BB8C-594134DA4EF4}.Debug|Any CPU.Build.0 = Debug|Any CPU
		{A986A5C1-CD93-4FC5-BB8C-594134DA4EF4}.Release|Any CPU.ActiveCfg = Release|Any CPU
		{A986A5C1-CD93-4FC5-BB8C-594134DA4EF4}.Release|Any CPU.Build.0 = Release|Any CPU
	EndGlobalSection
	GlobalSection(SolutionProperties) = preSolution
		HideSolutionNode = FALSE
	EndGlobalSection
	GlobalSection(ExtensibilityGlobals) = postSolution
		SolutionGuid = {81B18509-4510-4912-B55D-9133A528A892}
	EndGlobalSection
EndGlobal
