
Microsoft Visual Studio Solution File, Format Version 12.00
# Visual Studio Version 17
VisualStudioVersion = 17.11.35303.130
MinimumVisualStudioVersion = 10.0.40219.1
Project("{FAE04EC0-301F-11D3-BF4B-00C04F79EFBC}") = "Aula_11", "Aula_11.csproj", "{0C7902C1-A9B0-43A8-A4B7-047AF8AA53DC}"
EndProject
Global
	GlobalSection(SolutionConfigurationPlatforms) = preSolution
		Debug|Any CPU = Debug|Any CPU
		Release|Any CPU = Release|Any CPU
	EndGlobalSection
	GlobalSection(ProjectConfigurationPlatforms) = postSolution
		{0C7902C1-A9B0-43A8-A4B7-047AF8AA53DC}.Debug|Any CPU.ActiveCfg = Debug|Any CPU
		{0C7902C1-A9B0-43A8-A4B7-047AF8AA53DC}.Debug|Any CPU.Build.0 = Debug|Any CPU
		{0C7902C1-A9B0-43A8-A4B7-047AF8AA53DC}.Release|Any CPU.ActiveCfg = Release|Any CPU
		{0C7902C1-A9B0-43A8-A4B7-047AF8AA53DC}.Release|Any CPU.Build.0 = Release|Any CPU
	EndGlobalSection
	GlobalSection(SolutionProperties) = preSolution
		HideSolutionNode = FALSE
	EndGlobalSection
	GlobalSection(ExtensibilityGlobals) = postSolution
		SolutionGuid = {CFEE9609-20F6-47A4-80BD-B2AAE3521BAE}
	EndGlobalSection
EndGlobal
