
Microsoft Visual Studio Solution File, Format Version 12.00
# Visual Studio Version 17
VisualStudioVersion = 17.13.35818.85 d17.13
MinimumVisualStudioVersion = 10.0.40219.1
Project("{FAE04EC0-301F-11D3-BF4B-00C04F79EFBC}") = "Enunciado", "Enunciado.csproj", "{AF9A277F-00D8-47E9-8EE1-9945A968A7D5}"
EndProject
Global
	GlobalSection(SolutionConfigurationPlatforms) = preSolution
		Debug|Any CPU = Debug|Any CPU
		Release|Any CPU = Release|Any CPU
	EndGlobalSection
	GlobalSection(ProjectConfigurationPlatforms) = postSolution
		{AF9A277F-00D8-47E9-8EE1-9945A968A7D5}.Debug|Any CPU.ActiveCfg = Debug|Any CPU
		{AF9A277F-00D8-47E9-8EE1-9945A968A7D5}.Debug|Any CPU.Build.0 = Debug|Any CPU
		{AF9A277F-00D8-47E9-8EE1-9945A968A7D5}.Release|Any CPU.ActiveCfg = Release|Any CPU
		{AF9A277F-00D8-47E9-8EE1-9945A968A7D5}.Release|Any CPU.Build.0 = Release|Any CPU
	EndGlobalSection
	GlobalSection(SolutionProperties) = preSolution
		HideSolutionNode = FALSE
	EndGlobalSection
	GlobalSection(ExtensibilityGlobals) = postSolution
		SolutionGuid = {688C1A54-DC81-4733-A2D2-D0A1CE76083E}
	EndGlobalSection
EndGlobal
