
Microsoft Visual Studio Solution File, Format Version 12.00
# Visual Studio Version 17
VisualStudioVersion = 17.13.35818.85 d17.13
MinimumVisualStudioVersion = 10.0.40219.1
Project("{FAE04EC0-301F-11D3-BF4B-00C04F79EFBC}") = "FreqPratica1", "FreqPratica1.csproj", "{8BAA11D8-C9BC-49BA-9A86-D88D9E897066}"
EndProject
Global
	GlobalSection(SolutionConfigurationPlatforms) = preSolution
		Debug|Any CPU = Debug|Any CPU
		Release|Any CPU = Release|Any CPU
	EndGlobalSection
	GlobalSection(ProjectConfigurationPlatforms) = postSolution
		{8BAA11D8-C9BC-49BA-9A86-D88D9E897066}.Debug|Any CPU.ActiveCfg = Debug|Any CPU
		{8BAA11D8-C9BC-49BA-9A86-D88D9E897066}.Debug|Any CPU.Build.0 = Debug|Any CPU
		{8BAA11D8-C9BC-49BA-9A86-D88D9E897066}.Release|Any CPU.ActiveCfg = Release|Any CPU
		{8BAA11D8-C9BC-49BA-9A86-D88D9E897066}.Release|Any CPU.Build.0 = Release|Any CPU
	EndGlobalSection
	GlobalSection(SolutionProperties) = preSolution
		HideSolutionNode = FALSE
	EndGlobalSection
	GlobalSection(ExtensibilityGlobals) = postSolution
		SolutionGuid = {C0EC9C34-4E5B-4933-805A-66090B45F84D}
	EndGlobalSection
EndGlobal
