
Microsoft Visual Studio Solution File, Format Version 12.00
# Visual Studio Version 17
VisualStudioVersion = 17.11.35303.130
MinimumVisualStudioVersion = 10.0.40219.1
Project("{FAE04EC0-301F-11D3-BF4B-00C04F79EFBC}") = "Final_Recurso23", "Final_Recurso23.csproj", "{821DA597-D69E-4845-BE71-7A51C4D906A3}"
EndProject
Global
	GlobalSection(SolutionConfigurationPlatforms) = preSolution
		Debug|Any CPU = Debug|Any CPU
		Release|Any CPU = Release|Any CPU
	EndGlobalSection
	GlobalSection(ProjectConfigurationPlatforms) = postSolution
		{821DA597-D69E-4845-BE71-7A51C4D906A3}.Debug|Any CPU.ActiveCfg = Debug|Any CPU
		{821DA597-D69E-4845-BE71-7A51C4D906A3}.Debug|Any CPU.Build.0 = Debug|Any CPU
		{821DA597-D69E-4845-BE71-7A51C4D906A3}.Release|Any CPU.ActiveCfg = Release|Any CPU
		{821DA597-D69E-4845-BE71-7A51C4D906A3}.Release|Any CPU.Build.0 = Release|Any CPU
	EndGlobalSection
	GlobalSection(SolutionProperties) = preSolution
		HideSolutionNode = FALSE
	EndGlobalSection
	GlobalSection(ExtensibilityGlobals) = postSolution
		SolutionGuid = {944E6613-8B2F-4E94-BCB3-B6C5837E45C3}
	EndGlobalSection
EndGlobal
