
Microsoft Visual Studio Solution File, Format Version 12.00
# Visual Studio Version 17
VisualStudioVersion = 17.13.35818.85 d17.13
MinimumVisualStudioVersion = 10.0.40219.1
Project("{FAE04EC0-301F-11D3-BF4B-00C04F79EFBC}") = "REC_22", "REC_22.csproj", "{6A39F556-F91B-46C9-A895-C13A6FCF1BAF}"
EndProject
Global
	GlobalSection(SolutionConfigurationPlatforms) = preSolution
		Debug|Any CPU = Debug|Any CPU
		Release|Any CPU = Release|Any CPU
	EndGlobalSection
	GlobalSection(ProjectConfigurationPlatforms) = postSolution
		{6A39F556-F91B-46C9-A895-C13A6FCF1BAF}.Debug|Any CPU.ActiveCfg = Debug|Any CPU
		{6A39F556-F91B-46C9-A895-C13A6FCF1BAF}.Debug|Any CPU.Build.0 = Debug|Any CPU
		{6A39F556-F91B-46C9-A895-C13A6FCF1BAF}.Release|Any CPU.ActiveCfg = Release|Any CPU
		{6A39F556-F91B-46C9-A895-C13A6FCF1BAF}.Release|Any CPU.Build.0 = Release|Any CPU
	EndGlobalSection
	GlobalSection(SolutionProperties) = preSolution
		HideSolutionNode = FALSE
	EndGlobalSection
	GlobalSection(ExtensibilityGlobals) = postSolution
		SolutionGuid = {35039BED-600B-4AEB-8D70-9611B6B730BC}
	EndGlobalSection
EndGlobal
