
Microsoft Visual Studio Solution File, Format Version 12.00
# Visual Studio Version 17
VisualStudioVersion = 17.11.35303.130
MinimumVisualStudioVersion = 10.0.40219.1
Project("{FAE04EC0-301F-11D3-BF4B-00C04F79EFBC}") = "Estudo_Aula7", "Estudo_Aula7.csproj", "{FF808451-667A-4F15-8739-79B925A966CB}"
EndProject
Global
	GlobalSection(SolutionConfigurationPlatforms) = preSolution
		Debug|Any CPU = Debug|Any CPU
		Release|Any CPU = Release|Any CPU
	EndGlobalSection
	GlobalSection(ProjectConfigurationPlatforms) = postSolution
		{FF808451-667A-4F15-8739-79B925A966CB}.Debug|Any CPU.ActiveCfg = Debug|Any CPU
		{FF808451-667A-4F15-8739-79B925A966CB}.Debug|Any CPU.Build.0 = Debug|Any CPU
		{FF808451-667A-4F15-8739-79B925A966CB}.Release|Any CPU.ActiveCfg = Release|Any CPU
		{FF808451-667A-4F15-8739-79B925A966CB}.Release|Any CPU.Build.0 = Release|Any CPU
	EndGlobalSection
	GlobalSection(SolutionProperties) = preSolution
		HideSolutionNode = FALSE
	EndGlobalSection
	GlobalSection(ExtensibilityGlobals) = postSolution
		SolutionGuid = {FAD1FF25-E477-4492-95E1-73E9A46589CF}
	EndGlobalSection
EndGlobal
