
Microsoft Visual Studio Solution File, Format Version 12.00
# Visual Studio Version 17
VisualStudioVersion = 17.11.35303.130
MinimumVisualStudioVersion = 10.0.40219.1
Project("{FAE04EC0-301F-11D3-BF4B-00C04F79EFBC}") = "Final_Recurso24", "Final_Recurso24.csproj", "{5E6076D0-F6E6-477F-B8AF-A92EE4CE2452}"
EndProject
Global
	GlobalSection(SolutionConfigurationPlatforms) = preSolution
		Debug|Any CPU = Debug|Any CPU
		Release|Any CPU = Release|Any CPU
	EndGlobalSection
	GlobalSection(ProjectConfigurationPlatforms) = postSolution
		{5E6076D0-F6E6-477F-B8AF-A92EE4CE2452}.Debug|Any CPU.ActiveCfg = Debug|Any CPU
		{5E6076D0-F6E6-477F-B8AF-A92EE4CE2452}.Debug|Any CPU.Build.0 = Debug|Any CPU
		{5E6076D0-F6E6-477F-B8AF-A92EE4CE2452}.Release|Any CPU.ActiveCfg = Release|Any CPU
		{5E6076D0-F6E6-477F-B8AF-A92EE4CE2452}.Release|Any CPU.Build.0 = Release|Any CPU
	EndGlobalSection
	GlobalSection(SolutionProperties) = preSolution
		HideSolutionNode = FALSE
	EndGlobalSection
	GlobalSection(ExtensibilityGlobals) = postSolution
		SolutionGuid = {A20FFC27-AFDF-40F2-9745-A2C1C0C7847B}
	EndGlobalSection
EndGlobal
