
Microsoft Visual Studio Solution File, Format Version 12.00
# Visual Studio Version 17
VisualStudioVersion = 17.13.35818.85 d17.13
MinimumVisualStudioVersion = 10.0.40219.1
Project("{FAE04EC0-301F-11D3-BF4B-00C04F79EFBC}") = "NOR_23", "NOR_23.csproj", "{F48ADE07-ADE8-4791-A207-BCD8A83F158E}"
EndProject
Global
	GlobalSection(SolutionConfigurationPlatforms) = preSolution
		Debug|Any CPU = Debug|Any CPU
		Release|Any CPU = Release|Any CPU
	EndGlobalSection
	GlobalSection(ProjectConfigurationPlatforms) = postSolution
		{F48ADE07-ADE8-4791-A207-BCD8A83F158E}.Debug|Any CPU.ActiveCfg = Debug|Any CPU
		{F48ADE07-ADE8-4791-A207-BCD8A83F158E}.Debug|Any CPU.Build.0 = Debug|Any CPU
		{F48ADE07-ADE8-4791-A207-BCD8A83F158E}.Release|Any CPU.ActiveCfg = Release|Any CPU
		{F48ADE07-ADE8-4791-A207-BCD8A83F158E}.Release|Any CPU.Build.0 = Release|Any CPU
	EndGlobalSection
	GlobalSection(SolutionProperties) = preSolution
		HideSolutionNode = FALSE
	EndGlobalSection
	GlobalSection(ExtensibilityGlobals) = postSolution
		SolutionGuid = {01AAC847-4196-45A7-909B-AC11C66A1375}
	EndGlobalSection
EndGlobal
